
Microsoft Visual Studio Solution File, Format Version 12.00
# Visual Studio 2013
VisualStudioVersion = 12.0.21005.1
MinimumVisualStudioVersion = 10.0.40219.1
Project("{FAE04EC0-301F-11D3-BF4B-00C04F79EFBC}") = "uAL", "uAL\uAL.csproj", "{D51AFB67-F321-4120-AE68-C5A4BB21234E}"
EndProject
Project("{FAE04EC0-301F-11D3-BF4B-00C04F79EFBC}") = "wuAL", "wuAL\wuAL.csproj", "{9A57947E-74F8-43C4-B325-E0F01564EFE0}"
EndProject
Project("{FAE04EC0-301F-11D3-BF4B-00C04F79EFBC}") = "uAL.Tests", "uAL.Tests\uAL.Tests.csproj", "{FD59A0CA-22D8-4483-A85F-89C8FD7AE68E}"
EndProject
Project("{2150E333-8FDC-42A3-9474-1A3956D46DE8}") = "Tests", "Tests", "{FAFB732C-F214-44EA-931F-8EEF40A4AE2C}"
EndProject
Global
	GlobalSection(SolutionConfigurationPlatforms) = preSolution
		Debug|Any CPU = Debug|Any CPU
		Release|Any CPU = Release|Any CPU
	EndGlobalSection
	GlobalSection(ProjectConfigurationPlatforms) = postSolution
		{D51AFB67-F321-4120-AE68-C5A4BB21234E}.Debug|Any CPU.ActiveCfg = Debug|Any CPU
		{D51AFB67-F321-4120-AE68-C5A4BB21234E}.Debug|Any CPU.Build.0 = Debug|Any CPU
		{D51AFB67-F321-4120-AE68-C5A4BB21234E}.Release|Any CPU.ActiveCfg = Release|Any CPU
		{D51AFB67-F321-4120-AE68-C5A4BB21234E}.Release|Any CPU.Build.0 = Release|Any CPU
		{9A57947E-74F8-43C4-B325-E0F01564EFE0}.Debug|Any CPU.ActiveCfg = Debug|Any CPU
		{9A57947E-74F8-43C4-B325-E0F01564EFE0}.Debug|Any CPU.Build.0 = Debug|Any CPU
		{9A57947E-74F8-43C4-B325-E0F01564EFE0}.Release|Any CPU.ActiveCfg = Release|Any CPU
		{9A57947E-74F8-43C4-B325-E0F01564EFE0}.Release|Any CPU.Build.0 = Release|Any CPU
		{FD59A0CA-22D8-4483-A85F-89C8FD7AE68E}.Debug|Any CPU.ActiveCfg = Debug|Any CPU
		{FD59A0CA-22D8-4483-A85F-89C8FD7AE68E}.Debug|Any CPU.Build.0 = Debug|Any CPU
		{FD59A0CA-22D8-4483-A85F-89C8FD7AE68E}.Release|Any CPU.ActiveCfg = Release|Any CPU
		{FD59A0CA-22D8-4483-A85F-89C8FD7AE68E}.Release|Any CPU.Build.0 = Release|Any CPU
	EndGlobalSection
	GlobalSection(SolutionProperties) = preSolution
		HideSolutionNode = FALSE
	EndGlobalSection
	GlobalSection(NestedProjects) = preSolution
		{FD59A0CA-22D8-4483-A85F-89C8FD7AE68E} = {FAFB732C-F214-44EA-931F-8EEF40A4AE2C}
	EndGlobalSection
EndGlobal
